// !$*UTF8*$!
{
	archiveVersion = 1;
	classes = {
	};
	objectVersion = 56;
	objects = {

/* Begin PBXBuildFile section */
		61837D93292B6F4400583AF1 /* AppDelegate.swift in Sources */ = {isa = PBXBuildFile; fileRef = 61837D92292B6F4400583AF1 /* AppDelegate.swift */; };
		61837D95292B6F4400583AF1 /* SceneDelegate.swift in Sources */ = {isa = PBXBuildFile; fileRef = 61837D94292B6F4400583AF1 /* SceneDelegate.swift */; };
		61837D97292B6F4400583AF1 /* ImagesListViewController.swift in Sources */ = {isa = PBXBuildFile; fileRef = 61837D96292B6F4400583AF1 /* ImagesListViewController.swift */; };
		61837D9A292B6F4400583AF1 /* Main.storyboard in Resources */ = {isa = PBXBuildFile; fileRef = 61837D98292B6F4400583AF1 /* Main.storyboard */; };
		61837D9D292B6F4400583AF1 /* ImageApp.xcdatamodeld in Sources */ = {isa = PBXBuildFile; fileRef = 61837D9B292B6F4400583AF1 /* ImageApp.xcdatamodeld */; };
		61837D9F292B6F4500583AF1 /* Assets.xcassets in Resources */ = {isa = PBXBuildFile; fileRef = 61837D9E292B6F4500583AF1 /* Assets.xcassets */; };
		61837DA2292B6F4500583AF1 /* LaunchScreen.storyboard in Resources */ = {isa = PBXBuildFile; fileRef = 61837DA0292B6F4500583AF1 /* LaunchScreen.storyboard */; };
		61837DAB292B77B800583AF1 /* UI Color Extension.swift in Sources */ = {isa = PBXBuildFile; fileRef = 61837DAA292B77B800583AF1 /* UI Color Extension.swift */; };
		61837DAE292BD1C400583AF1 /* ImagesListCell.swift in Sources */ = {isa = PBXBuildFile; fileRef = 61837DAD292BD1C400583AF1 /* ImagesListCell.swift */; };
/* End PBXBuildFile section */

/* Begin PBXFileReference section */
		61837D8F292B6F4400583AF1 /* ImageApp.app */ = {isa = PBXFileReference; explicitFileType = wrapper.application; includeInIndex = 0; path = ImageApp.app; sourceTree = BUILT_PRODUCTS_DIR; };
		61837D92292B6F4400583AF1 /* AppDelegate.swift */ = {isa = PBXFileReference; lastKnownFileType = sourcecode.swift; path = AppDelegate.swift; sourceTree = "<group>"; };
		61837D94292B6F4400583AF1 /* SceneDelegate.swift */ = {isa = PBXFileReference; lastKnownFileType = sourcecode.swift; path = SceneDelegate.swift; sourceTree = "<group>"; };
		61837D96292B6F4400583AF1 /* ImagesListViewController.swift */ = {isa = PBXFileReference; lastKnownFileType = sourcecode.swift; path = ImagesListViewController.swift; sourceTree = "<group>"; };
		61837D99292B6F4400583AF1 /* Base */ = {isa = PBXFileReference; lastKnownFileType = file.storyboard; name = Base; path = Base.lproj/Main.storyboard; sourceTree = "<group>"; };
		61837D9C292B6F4400583AF1 /* ImageApp.xcdatamodel */ = {isa = PBXFileReference; lastKnownFileType = wrapper.xcdatamodel; path = ImageApp.xcdatamodel; sourceTree = "<group>"; };
		61837D9E292B6F4500583AF1 /* Assets.xcassets */ = {isa = PBXFileReference; lastKnownFileType = folder.assetcatalog; path = Assets.xcassets; sourceTree = "<group>"; };
		61837DA1292B6F4500583AF1 /* Base */ = {isa = PBXFileReference; lastKnownFileType = file.storyboard; name = Base; path = Base.lproj/LaunchScreen.storyboard; sourceTree = "<group>"; };
		61837DA3292B6F4500583AF1 /* Info.plist */ = {isa = PBXFileReference; lastKnownFileType = text.plist.xml; path = Info.plist; sourceTree = "<group>"; };
		61837DAA292B77B800583AF1 /* UI Color Extension.swift */ = {isa = PBXFileReference; lastKnownFileType = sourcecode.swift; path = "UI Color Extension.swift"; sourceTree = "<group>"; };
		61837DAD292BD1C400583AF1 /* ImagesListCell.swift */ = {isa = PBXFileReference; lastKnownFileType = sourcecode.swift; path = ImagesListCell.swift; sourceTree = "<group>"; };
/* End PBXFileReference section */

/* Begin PBXFrameworksBuildPhase section */
		61837D8C292B6F4400583AF1 /* Frameworks */ = {
			isa = PBXFrameworksBuildPhase;
			buildActionMask = 2147483647;
			files = (
			);
			runOnlyForDeploymentPostprocessing = 0;
		};
/* End PBXFrameworksBuildPhase section */

/* Begin PBXGroup section */
		61837D86292B6F4400583AF1 = {
			isa = PBXGroup;
			children = (
				618CFFDE292E836C00865FC3 /* Image Feed */,
				61837DAF292BD24200583AF1 /* ImagesList */,
				61837D91292B6F4400583AF1 /* ImageApp */,
				61837D90292B6F4400583AF1 /* Products */,
			);
			sourceTree = "<group>";
		};
		61837D90292B6F4400583AF1 /* Products */ = {
			isa = PBXGroup;
			children = (
				61837D8F292B6F4400583AF1 /* ImageApp.app */,
			);
			name = Products;
			sourceTree = "<group>";
		};
		61837D91292B6F4400583AF1 /* ImageApp */ = {
			isa = PBXGroup;
			children = (
				61837DA9292B779C00583AF1 /* Helpers */,
				61837D98292B6F4400583AF1 /* Main.storyboard */,
				61837DA0292B6F4500583AF1 /* LaunchScreen.storyboard */,
				61837DA3292B6F4500583AF1 /* Info.plist */,
				61837D9B292B6F4400583AF1 /* ImageApp.xcdatamodeld */,
				61837D9E292B6F4500583AF1 /* Assets.xcassets */,
			);
			path = ImageApp;
			sourceTree = "<group>";
		};
		61837DA9292B779C00583AF1 /* Helpers */ = {
			isa = PBXGroup;
			children = (
				61837DAA292B77B800583AF1 /* UI Color Extension.swift */,
			);
			path = Helpers;
			sourceTree = "<group>";
		};
		61837DAF292BD24200583AF1 /* ImagesList */ = {
			isa = PBXGroup;
			children = (
				61837DAD292BD1C400583AF1 /* ImagesListCell.swift */,
				61837D96292B6F4400583AF1 /* ImagesListViewController.swift */,
			);
			path = ImagesList;
			sourceTree = "<group>";
		};
		618CFFDE292E836C00865FC3 /* Image Feed */ = {
			isa = PBXGroup;
			children = (
				61837D94292B6F4400583AF1 /* SceneDelegate.swift */,
				61837D92292B6F4400583AF1 /* AppDelegate.swift */,
			);
			path = "Image Feed";
			sourceTree = "<group>";
		};
/* End PBXGroup section */

/* Begin PBXNativeTarget section */
		61837D8E292B6F4400583AF1 /* ImageApp */ = {
			isa = PBXNativeTarget;
			buildConfigurationList = 61837DA6292B6F4500583AF1 /* Build configuration list for PBXNativeTarget "ImageApp" */;
			buildPhases = (
				61837D8B292B6F4400583AF1 /* Sources */,
				61837D8C292B6F4400583AF1 /* Frameworks */,
				61837D8D292B6F4400583AF1 /* Resources */,
			);
			buildRules = (
			);
			dependencies = (
			);
			name = ImageApp;
			productName = ImageApp;
			productReference = 61837D8F292B6F4400583AF1 /* ImageApp.app */;
			productType = "com.apple.product-type.application";
		};
/* End PBXNativeTarget section */

/* Begin PBXProject section */
		61837D87292B6F4400583AF1 /* Project object */ = {
			isa = PBXProject;
			attributes = {
				BuildIndependentTargetsInParallel = 1;
				LastSwiftUpdateCheck = 1410;
				LastUpgradeCheck = 1410;
				TargetAttributes = {
					61837D8E292B6F4400583AF1 = {
						CreatedOnToolsVersion = 14.1;
					};
				};
			};
			buildConfigurationList = 61837D8A292B6F4400583AF1 /* Build configuration list for PBXProject "ImageApp" */;
			compatibilityVersion = "Xcode 14.0";
			developmentRegion = en;
			hasScannedForEncodings = 0;
			knownRegions = (
				en,
				Base,
			);
			mainGroup = 61837D86292B6F4400583AF1;
			productRefGroup = 61837D90292B6F4400583AF1 /* Products */;
			projectDirPath = "";
			projectRoot = "";
			targets = (
				61837D8E292B6F4400583AF1 /* ImageApp */,
			);
		};
/* End PBXProject section */

/* Begin PBXResourcesBuildPhase section */
		61837D8D292B6F4400583AF1 /* Resources */ = {
			isa = PBXResourcesBuildPhase;
			buildActionMask = 2147483647;
			files = (
				61837DA2292B6F4500583AF1 /* LaunchScreen.storyboard in Resources */,
				61837D9F292B6F4500583AF1 /* Assets.xcassets in Resources */,
				61837D9A292B6F4400583AF1 /* Main.storyboard in Resources */,
			);
			runOnlyForDeploymentPostprocessing = 0;
		};
/* End PBXResourcesBuildPhase section */

/* Begin PBXSourcesBuildPhase section */
		61837D8B292B6F4400583AF1 /* Sources */ = {
			isa = PBXSourcesBuildPhase;
			buildActionMask = 2147483647;
			files = (
				61837D97292B6F4400583AF1 /* ImagesListViewController.swift in Sources */,
				61837DAE292BD1C400583AF1 /* ImagesListCell.swift in Sources */,
				61837D9D292B6F4400583AF1 /* ImageApp.xcdatamodeld in Sources */,
				61837D93292B6F4400583AF1 /* AppDelegate.swift in Sources */,
				61837DAB292B77B800583AF1 /* UI Color Extension.swift in Sources */,
				61837D95292B6F4400583AF1 /* SceneDelegate.swift in Sources */,
			);
			runOnlyForDeploymentPostprocessing = 0;
		};
/* End PBXSourcesBuildPhase section */

/* Begin PBXVariantGroup section */
		61837D98292B6F4400583AF1 /* Main.storyboard */ = {
			isa = PBXVariantGroup;
			children = (
				61837D99292B6F4400583AF1 /* Base */,
			);
			name = Main.storyboard;
			sourceTree = "<group>";
		};
		61837DA0292B6F4500583AF1 /* LaunchScreen.storyboard */ = {
			isa = PBXVariantGroup;
			children = (
				61837DA1292B6F4500583AF1 /* Base */,
			);
			name = LaunchScreen.storyboard;
			sourceTree = "<group>";
		};
/* End PBXVariantGroup section */

/* Begin XCBuildConfiguration section */
		61837DA4292B6F4500583AF1 /* Debug */ = {
			isa = XCBuildConfiguration;
			buildSettings = {
				ALWAYS_SEARCH_USER_PATHS = NO;
				CLANG_ANALYZER_NONNULL = YES;
				CLANG_ANALYZER_NUMBER_OBJECT_CONVERSION = YES_AGGRESSIVE;
				CLANG_CXX_LANGUAGE_STANDARD = "gnu++20";
				CLANG_ENABLE_MODULES = YES;
				CLANG_ENABLE_OBJC_ARC = YES;
				CLANG_ENABLE_OBJC_WEAK = YES;
				CLANG_WARN_BLOCK_CAPTURE_AUTORELEASING = YES;
				CLANG_WARN_BOOL_CONVERSION = YES;
				CLANG_WARN_COMMA = YES;
				CLANG_WARN_CONSTANT_CONVERSION = YES;
				CLANG_WARN_DEPRECATED_OBJC_IMPLEMENTATIONS = YES;
				CLANG_WARN_DIRECT_OBJC_ISA_USAGE = YES_ERROR;
				CLANG_WARN_DOCUMENTATION_COMMENTS = YES;
				CLANG_WARN_EMPTY_BODY = YES;
				CLANG_WARN_ENUM_CONVERSION = YES;
				CLANG_WARN_INFINITE_RECURSION = YES;
				CLANG_WARN_INT_CONVERSION = YES;
				CLANG_WARN_NON_LITERAL_NULL_CONVERSION = YES;
				CLANG_WARN_OBJC_IMPLICIT_RETAIN_SELF = YES;
				CLANG_WARN_OBJC_LITERAL_CONVERSION = YES;
				CLANG_WARN_OBJC_ROOT_CLASS = YES_ERROR;
				CLANG_WARN_QUOTED_INCLUDE_IN_FRAMEWORK_HEADER = YES;
				CLANG_WARN_RANGE_LOOP_ANALYSIS = YES;
				CLANG_WARN_STRICT_PROTOTYPES = YES;
				CLANG_WARN_SUSPICIOUS_MOVE = YES;
				CLANG_WARN_UNGUARDED_AVAILABILITY = YES_AGGRESSIVE;
				CLANG_WARN_UNREACHABLE_CODE = YES;
				CLANG_WARN__DUPLICATE_METHOD_MATCH = YES;
				COPY_PHASE_STRIP = NO;
				DEBUG_INFORMATION_FORMAT = dwarf;
				ENABLE_STRICT_OBJC_MSGSEND = YES;
				ENABLE_TESTABILITY = YES;
				GCC_C_LANGUAGE_STANDARD = gnu11;
				GCC_DYNAMIC_NO_PIC = NO;
				GCC_NO_COMMON_BLOCKS = YES;
				GCC_OPTIMIZATION_LEVEL = 0;
				GCC_PREPROCESSOR_DEFINITIONS = (
					"DEBUG=1",
					"$(inherited)",
				);
				GCC_WARN_64_TO_32_BIT_CONVERSION = YES;
				GCC_WARN_ABOUT_RETURN_TYPE = YES_ERROR;
				GCC_WARN_UNDECLARED_SELECTOR = YES;
				GCC_WARN_UNINITIALIZED_AUTOS = YES_AGGRESSIVE;
				GCC_WARN_UNUSED_FUNCTION = YES;
				GCC_WARN_UNUSED_VARIABLE = YES;
				IPHONEOS_DEPLOYMENT_TARGET = 13.0;
				MTL_ENABLE_DEBUG_INFO = INCLUDE_SOURCE;
				MTL_FAST_MATH = YES;
				ONLY_ACTIVE_ARCH = YES;
				SDKROOT = iphoneos;
				SWIFT_ACTIVE_COMPILATION_CONDITIONS = DEBUG;
				SWIFT_OPTIMIZATION_LEVEL = "-Onone";
			};
			name = Debug;
		};
		61837DA5292B6F4500583AF1 /* Release */ = {
			isa = XCBuildConfiguration;
			buildSettings = {
				ALWAYS_SEARCH_USER_PATHS = NO;
				CLANG_ANALYZER_NONNULL = YES;
				CLANG_ANALYZER_NUMBER_OBJECT_CONVERSION = YES_AGGRESSIVE;
				CLANG_CXX_LANGUAGE_STANDARD = "gnu++20";
				CLANG_ENABLE_MODULES = YES;
				CLANG_ENABLE_OBJC_ARC = YES;
				CLANG_ENABLE_OBJC_WEAK = YES;
				CLANG_WARN_BLOCK_CAPTURE_AUTORELEASING = YES;
				CLANG_WARN_BOOL_CONVERSION = YES;
				CLANG_WARN_COMMA = YES;
				CLANG_WARN_CONSTANT_CONVERSION = YES;
				CLANG_WARN_DEPRECATED_OBJC_IMPLEMENTATIONS = YES;
				CLANG_WARN_DIRECT_OBJC_ISA_USAGE = YES_ERROR;
				CLANG_WARN_DOCUMENTATION_COMMENTS = YES;
				CLANG_WARN_EMPTY_BODY = YES;
				CLANG_WARN_ENUM_CONVERSION = YES;
				CLANG_WARN_INFINITE_RECURSION = YES;
				CLANG_WARN_INT_CONVERSION = YES;
				CLANG_WARN_NON_LITERAL_NULL_CONVERSION = YES;
				CLANG_WARN_OBJC_IMPLICIT_RETAIN_SELF = YES;
				CLANG_WARN_OBJC_LITERAL_CONVERSION = YES;
				CLANG_WARN_OBJC_ROOT_CLASS = YES_ERROR;
				CLANG_WARN_QUOTED_INCLUDE_IN_FRAMEWORK_HEADER = YES;
				CLANG_WARN_RANGE_LOOP_ANALYSIS = YES;
				CLANG_WARN_STRICT_PROTOTYPES = YES;
				CLANG_WARN_SUSPICIOUS_MOVE = YES;
				CLANG_WARN_UNGUARDED_AVAILABILITY = YES_AGGRESSIVE;
				CLANG_WARN_UNREACHABLE_CODE = YES;
				CLANG_WARN__DUPLICATE_METHOD_MATCH = YES;
				COPY_PHASE_STRIP = NO;
				DEBUG_INFORMATION_FORMAT = "dwarf-with-dsym";
				ENABLE_NS_ASSERTIONS = NO;
				ENABLE_STRICT_OBJC_MSGSEND = YES;
				GCC_C_LANGUAGE_STANDARD = gnu11;
				GCC_NO_COMMON_BLOCKS = YES;
				GCC_WARN_64_TO_32_BIT_CONVERSION = YES;
				GCC_WARN_ABOUT_RETURN_TYPE = YES_ERROR;
				GCC_WARN_UNDECLARED_SELECTOR = YES;
				GCC_WARN_UNINITIALIZED_AUTOS = YES_AGGRESSIVE;
				GCC_WARN_UNUSED_FUNCTION = YES;
				GCC_WARN_UNUSED_VARIABLE = YES;
				IPHONEOS_DEPLOYMENT_TARGET = 13.0;
				MTL_ENABLE_DEBUG_INFO = NO;
				MTL_FAST_MATH = YES;
				SDKROOT = iphoneos;
				SWIFT_COMPILATION_MODE = wholemodule;
				SWIFT_OPTIMIZATION_LEVEL = "-O";
				VALIDATE_PRODUCT = YES;
			};
			name = Release;
		};
		61837DA7292B6F4500583AF1 /* Debug */ = {
			isa = XCBuildConfiguration;
			buildSettings = {
				ASSETCATALOG_COMPILER_APPICON_NAME = AppIcon;
				ASSETCATALOG_COMPILER_GLOBAL_ACCENT_COLOR_NAME = AccentColor;
				CODE_SIGN_STYLE = Automatic;
				CURRENT_PROJECT_VERSION = 1;
				DEVELOPMENT_TEAM = 78XRZT72QH;
				GENERATE_INFOPLIST_FILE = YES;
				INFOPLIST_FILE = ImageApp/Info.plist;
				INFOPLIST_KEY_UIApplicationSupportsIndirectInputEvents = YES;
				INFOPLIST_KEY_UILaunchStoryboardName = LaunchScreen;
				INFOPLIST_KEY_UIMainStoryboardFile = Main;
				INFOPLIST_KEY_UISupportedInterfaceOrientations = UIInterfaceOrientationPortrait;
				IPHONEOS_DEPLOYMENT_TARGET = 13.0;
				LD_RUNPATH_SEARCH_PATHS = (
					"$(inherited)",
					"@executable_path/Frameworks",
				);
				MARKETING_VERSION = 1.0;
				PRODUCT_BUNDLE_IDENTIFIER = ru.eduardfort.ImageApp;
				PRODUCT_NAME = "$(TARGET_NAME)";
				SUPPORTED_PLATFORMS = "iphoneos iphonesimulator";
				SUPPORTS_MACCATALYST = NO;
				SUPPORTS_MAC_DESIGNED_FOR_IPHONE_IPAD = NO;
				SWIFT_EMIT_LOC_STRINGS = YES;
				SWIFT_VERSION = 5.0;
				TARGETED_DEVICE_FAMILY = 1;
			};
			name = Debug;
		};
		61837DA8292B6F4500583AF1 /* Release */ = {
			isa = XCBuildConfiguration;
			buildSettings = {
				ASSETCATALOG_COMPILER_APPICON_NAME = AppIcon;
				ASSETCATALOG_COMPILER_GLOBAL_ACCENT_COLOR_NAME = AccentColor;
				CODE_SIGN_STYLE = Automatic;
				CURRENT_PROJECT_VERSION = 1;
				DEVELOPMENT_TEAM = 78XRZT72QH;
				GENERATE_INFOPLIST_FILE = YES;
				INFOPLIST_FILE = ImageApp/Info.plist;
				INFOPLIST_KEY_UIApplicationSupportsIndirectInputEvents = YES;
				INFOPLIST_KEY_UILaunchStoryboardName = LaunchScreen;
				INFOPLIST_KEY_UIMainStoryboardFile = Main;
				INFOPLIST_KEY_UISupportedInterfaceOrientations = UIInterfaceOrientationPortrait;
				IPHONEOS_DEPLOYMENT_TARGET = 13.0;
				LD_RUNPATH_SEARCH_PATHS = (
					"$(inherited)",
					"@executable_path/Frameworks",
				);
				MARKETING_VERSION = 1.0;
				PRODUCT_BUNDLE_IDENTIFIER = ru.eduardfort.ImageApp;
				PRODUCT_NAME = "$(TARGET_NAME)";
				SUPPORTED_PLATFORMS = "iphoneos iphonesimulator";
				SUPPORTS_MACCATALYST = NO;
				SUPPORTS_MAC_DESIGNED_FOR_IPHONE_IPAD = NO;
				SWIFT_EMIT_LOC_STRINGS = YES;
				SWIFT_VERSION = 5.0;
				TARGETED_DEVICE_FAMILY = 1;
			};
			name = Release;
		};
/* End XCBuildConfiguration section */

/* Begin XCConfigurationList section */
		61837D8A292B6F4400583AF1 /* Build configuration list for PBXProject "ImageApp" */ = {
			isa = XCConfigurationList;
			buildConfigurations = (
				61837DA4292B6F4500583AF1 /* Debug */,
				61837DA5292B6F4500583AF1 /* Release */,
			);
			defaultConfigurationIsVisible = 0;
			defaultConfigurationName = Release;
		};
		61837DA6292B6F4500583AF1 /* Build configuration list for PBXNativeTarget "ImageApp" */ = {
			isa = XCConfigurationList;
			buildConfigurations = (
				61837DA7292B6F4500583AF1 /* Debug */,
				61837DA8292B6F4500583AF1 /* Release */,
			);
			defaultConfigurationIsVisible = 0;
			defaultConfigurationName = Release;
		};
/* End XCConfigurationList section */

/* Begin XCVersionGroup section */
		61837D9B292B6F4400583AF1 /* ImageApp.xcdatamodeld */ = {
			isa = XCVersionGroup;
			children = (
				61837D9C292B6F4400583AF1 /* ImageApp.xcdatamodel */,
			);
			currentVersion = 61837D9C292B6F4400583AF1 /* ImageApp.xcdatamodel */;
			path = ImageApp.xcdatamodeld;
			sourceTree = "<group>";
			versionGroupType = wrapper.xcdatamodel;
		};
/* End XCVersionGroup section */
	};
	rootObject = 61837D87292B6F4400583AF1 /* Project object */;
}
